# This file is automatically @generated by Cargo.
# It is not intended for manual editing.
version = 4

[[package]]
name = "insignia-m0-007-policy-model"
version = "0.1.0"

[[package]]
name = "insignia-m0-008-consumer-projection"
version = "0.1.0"
dependencies = [
 "insignia-m0-007-policy-model",
]
